// !$*UTF8*$!
{
	archiveVersion = 1;
	classes = {
	};
	objectVersion = 56;
	objects = {

/* Begin PBXBuildFile section */
		6711A5EB2C16114900E7C171 /* CommentView.swift in Sources */ = {isa = PBXBuildFile; fileRef = 6711A5EA2C16114900E7C171 /* CommentView.swift */; };
		6716B3CF2C16FA710041EAD7 /* UploadPostView.swift in Sources */ = {isa = PBXBuildFile; fileRef = 6716B3CE2C16FA710041EAD7 /* UploadPostView.swift */; };
		675B2A062C0F6B0300F9F668 /* MapView.swift in Sources */ = {isa = PBXBuildFile; fileRef = 675B2A052C0F6B0300F9F668 /* MapView.swift */; };
		675B2A082C0F6B1000F9F668 /* UserCell.swift in Sources */ = {isa = PBXBuildFile; fileRef = 675B2A072C0F6B1000F9F668 /* UserCell.swift */; };
		675B2A0A2C0F6DA300F9F668 /* NotificationView.swift in Sources */ = {isa = PBXBuildFile; fileRef = 675B2A092C0F6DA300F9F668 /* NotificationView.swift */; };
		675B2A0C2C0F6DAF00F9F668 /* NotificationCell.swift in Sources */ = {isa = PBXBuildFile; fileRef = 675B2A0B2C0F6DAF00F9F668 /* NotificationCell.swift */; };
		675B2A0E2C1000FA00F9F668 /* CurrentUserProfileView.swift in Sources */ = {isa = PBXBuildFile; fileRef = 675B2A0D2C1000FA00F9F668 /* CurrentUserProfileView.swift */; };
		675B2A102C10018200F9F668 /* ProfileHeaderView.swift in Sources */ = {isa = PBXBuildFile; fileRef = 675B2A0F2C10018200F9F668 /* ProfileHeaderView.swift */; };
		675B2A122C10019600F9F668 /* PostGridView.swift in Sources */ = {isa = PBXBuildFile; fileRef = 675B2A112C10019600F9F668 /* PostGridView.swift */; };
		675B2A162C1004DF00F9F668 /* UserStatView.swift in Sources */ = {isa = PBXBuildFile; fileRef = 675B2A152C1004DF00F9F668 /* UserStatView.swift */; };
		675B2A182C1008A700F9F668 /* Post.swift in Sources */ = {isa = PBXBuildFile; fileRef = 675B2A172C1008A700F9F668 /* Post.swift */; };
		675B2A1E2C1008F400F9F668 /* FeedViewModel.swift in Sources */ = {isa = PBXBuildFile; fileRef = 675B2A1D2C1008F400F9F668 /* FeedViewModel.swift */; };
		675B2A202C100C8C00F9F668 /* CustomVideoPlayer.swift in Sources */ = {isa = PBXBuildFile; fileRef = 675B2A1F2C100C8C00F9F668 /* CustomVideoPlayer.swift */; };
		675B2A222C10B8DA00F9F668 /* NewFeedView.swift in Sources */ = {isa = PBXBuildFile; fileRef = 675B2A212C10B8DA00F9F668 /* NewFeedView.swift */; };
		679F258E2C0E23B400D6E8BA /* YapYapApp.swift in Sources */ = {isa = PBXBuildFile; fileRef = 679F258D2C0E23B400D6E8BA /* YapYapApp.swift */; };
		679F25902C0E23B400D6E8BA /* ContentView.swift in Sources */ = {isa = PBXBuildFile; fileRef = 679F258F2C0E23B400D6E8BA /* ContentView.swift */; };
		679F25922C0E23B700D6E8BA /* Assets.xcassets in Resources */ = {isa = PBXBuildFile; fileRef = 679F25912C0E23B700D6E8BA /* Assets.xcassets */; };
		679F25952C0E23B700D6E8BA /* Preview Assets.xcassets in Resources */ = {isa = PBXBuildFile; fileRef = 679F25942C0E23B700D6E8BA /* Preview Assets.xcassets */; };
		679F25AE2C0E25D500D6E8BA /* MainTabView.swift in Sources */ = {isa = PBXBuildFile; fileRef = 679F25AD2C0E25D500D6E8BA /* MainTabView.swift */; };
		679F25B02C0E2C0400D6E8BA /* FeedView.swift in Sources */ = {isa = PBXBuildFile; fileRef = 679F25AF2C0E2C0400D6E8BA /* FeedView.swift */; };
		679F25B22C0E2DC800D6E8BA /* FeedCell.swift in Sources */ = {isa = PBXBuildFile; fileRef = 679F25B12C0E2DC800D6E8BA /* FeedCell.swift */; };
		67B2873C2C120D22000E1E08 /* DistanceBar.swift in Sources */ = {isa = PBXBuildFile; fileRef = 67B2873B2C120D22000E1E08 /* DistanceBar.swift */; };
		67CF266F2C37AF2B00615C3A /* LoginView.swift in Sources */ = {isa = PBXBuildFile; fileRef = 67CF266E2C37AF2B00615C3A /* LoginView.swift */; };
		67CF26732C37B3B700615C3A /* EditProfileView.swift in Sources */ = {isa = PBXBuildFile; fileRef = 67CF26722C37B3B700615C3A /* EditProfileView.swift */; };
		67CF26752C37B54B00615C3A /* SignUpView.swift in Sources */ = {isa = PBXBuildFile; fileRef = 67CF26742C37B54B00615C3A /* SignUpView.swift */; };
		67CF26772C37B57C00615C3A /* ForgotPasswordView.swift in Sources */ = {isa = PBXBuildFile; fileRef = 67CF26762C37B57C00615C3A /* ForgotPasswordView.swift */; };
		67CF26792C37B79F00615C3A /* SettingView.swift in Sources */ = {isa = PBXBuildFile; fileRef = 67CF26782C37B79F00615C3A /* SettingView.swift */; };
/* End PBXBuildFile section */

/* Begin PBXFileReference section */
		6711A5EA2C16114900E7C171 /* CommentView.swift */ = {isa = PBXFileReference; lastKnownFileType = sourcecode.swift; path = CommentView.swift; sourceTree = "<group>"; };
		6716B3CE2C16FA710041EAD7 /* UploadPostView.swift */ = {isa = PBXFileReference; lastKnownFileType = sourcecode.swift; path = UploadPostView.swift; sourceTree = "<group>"; };
		675B2A052C0F6B0300F9F668 /* MapView.swift */ = {isa = PBXFileReference; lastKnownFileType = sourcecode.swift; path = MapView.swift; sourceTree = "<group>"; };
		675B2A072C0F6B1000F9F668 /* UserCell.swift */ = {isa = PBXFileReference; lastKnownFileType = sourcecode.swift; path = UserCell.swift; sourceTree = "<group>"; };
		675B2A092C0F6DA300F9F668 /* NotificationView.swift */ = {isa = PBXFileReference; lastKnownFileType = sourcecode.swift; path = NotificationView.swift; sourceTree = "<group>"; };
		675B2A0B2C0F6DAF00F9F668 /* NotificationCell.swift */ = {isa = PBXFileReference; lastKnownFileType = sourcecode.swift; path = NotificationCell.swift; sourceTree = "<group>"; };
		675B2A0D2C1000FA00F9F668 /* CurrentUserProfileView.swift */ = {isa = PBXFileReference; lastKnownFileType = sourcecode.swift; path = CurrentUserProfileView.swift; sourceTree = "<group>"; };
		675B2A0F2C10018200F9F668 /* ProfileHeaderView.swift */ = {isa = PBXFileReference; lastKnownFileType = sourcecode.swift; path = ProfileHeaderView.swift; sourceTree = "<group>"; };
		675B2A112C10019600F9F668 /* PostGridView.swift */ = {isa = PBXFileReference; lastKnownFileType = sourcecode.swift; path = PostGridView.swift; sourceTree = "<group>"; };
		675B2A152C1004DF00F9F668 /* UserStatView.swift */ = {isa = PBXFileReference; lastKnownFileType = sourcecode.swift; path = UserStatView.swift; sourceTree = "<group>"; };
		675B2A172C1008A700F9F668 /* Post.swift */ = {isa = PBXFileReference; lastKnownFileType = sourcecode.swift; path = Post.swift; sourceTree = "<group>"; };
		675B2A1D2C1008F400F9F668 /* FeedViewModel.swift */ = {isa = PBXFileReference; lastKnownFileType = sourcecode.swift; path = FeedViewModel.swift; sourceTree = "<group>"; };
		675B2A1F2C100C8C00F9F668 /* CustomVideoPlayer.swift */ = {isa = PBXFileReference; lastKnownFileType = sourcecode.swift; path = CustomVideoPlayer.swift; sourceTree = "<group>"; };
		675B2A212C10B8DA00F9F668 /* NewFeedView.swift */ = {isa = PBXFileReference; lastKnownFileType = sourcecode.swift; path = NewFeedView.swift; sourceTree = "<group>"; };
		679F258A2C0E23B400D6E8BA /* YapYap.app */ = {isa = PBXFileReference; explicitFileType = wrapper.application; includeInIndex = 0; path = YapYap.app; sourceTree = BUILT_PRODUCTS_DIR; };
		679F258D2C0E23B400D6E8BA /* YapYapApp.swift */ = {isa = PBXFileReference; lastKnownFileType = sourcecode.swift; path = YapYapApp.swift; sourceTree = "<group>"; };
		679F258F2C0E23B400D6E8BA /* ContentView.swift */ = {isa = PBXFileReference; lastKnownFileType = sourcecode.swift; path = ContentView.swift; sourceTree = "<group>"; };
		679F25912C0E23B700D6E8BA /* Assets.xcassets */ = {isa = PBXFileReference; lastKnownFileType = folder.assetcatalog; path = Assets.xcassets; sourceTree = "<group>"; };
		679F25942C0E23B700D6E8BA /* Preview Assets.xcassets */ = {isa = PBXFileReference; lastKnownFileType = folder.assetcatalog; path = "Preview Assets.xcassets"; sourceTree = "<group>"; };
		679F25AD2C0E25D500D6E8BA /* MainTabView.swift */ = {isa = PBXFileReference; lastKnownFileType = sourcecode.swift; path = MainTabView.swift; sourceTree = "<group>"; };
		679F25AF2C0E2C0400D6E8BA /* FeedView.swift */ = {isa = PBXFileReference; lastKnownFileType = sourcecode.swift; path = FeedView.swift; sourceTree = "<group>"; };
		679F25B12C0E2DC800D6E8BA /* FeedCell.swift */ = {isa = PBXFileReference; lastKnownFileType = sourcecode.swift; path = FeedCell.swift; sourceTree = "<group>"; };
		67B2873B2C120D22000E1E08 /* DistanceBar.swift */ = {isa = PBXFileReference; lastKnownFileType = sourcecode.swift; path = DistanceBar.swift; sourceTree = "<group>"; };
		67CF266E2C37AF2B00615C3A /* LoginView.swift */ = {isa = PBXFileReference; lastKnownFileType = sourcecode.swift; path = LoginView.swift; sourceTree = "<group>"; };
		67CF26722C37B3B700615C3A /* EditProfileView.swift */ = {isa = PBXFileReference; lastKnownFileType = sourcecode.swift; path = EditProfileView.swift; sourceTree = "<group>"; };
		67CF26742C37B54B00615C3A /* SignUpView.swift */ = {isa = PBXFileReference; lastKnownFileType = sourcecode.swift; path = SignUpView.swift; sourceTree = "<group>"; };
		67CF26762C37B57C00615C3A /* ForgotPasswordView.swift */ = {isa = PBXFileReference; lastKnownFileType = sourcecode.swift; path = ForgotPasswordView.swift; sourceTree = "<group>"; };
		67CF26782C37B79F00615C3A /* SettingView.swift */ = {isa = PBXFileReference; lastKnownFileType = sourcecode.swift; path = SettingView.swift; sourceTree = "<group>"; };
/* End PBXFileReference section */

/* Begin PBXFrameworksBuildPhase section */
		679F25872C0E23B400D6E8BA /* Frameworks */ = {
			isa = PBXFrameworksBuildPhase;
			buildActionMask = 2147483647;
			files = (
			);
			runOnlyForDeploymentPostprocessing = 0;
		};
/* End PBXFrameworksBuildPhase section */

/* Begin PBXGroup section */
		6716B3CD2C16FA590041EAD7 /* Upload */ = {
			isa = PBXGroup;
			children = (
				6716B3CE2C16FA710041EAD7 /* UploadPostView.swift */,
			);
			path = Upload;
			sourceTree = "<group>";
		};
		675B2A132C1004AE00F9F668 /* Components */ = {
			isa = PBXGroup;
			children = (
				675B2A112C10019600F9F668 /* PostGridView.swift */,
				675B2A0F2C10018200F9F668 /* ProfileHeaderView.swift */,
				675B2A152C1004DF00F9F668 /* UserStatView.swift */,
			);
			path = Components;
			sourceTree = "<group>";
		};
		675B2A142C1004B800F9F668 /* View */ = {
			isa = PBXGroup;
			children = (
			);
			path = View;
			sourceTree = "<group>";
		};
		675B2A192C1008CD00F9F668 /* ViewModel */ = {
			isa = PBXGroup;
			children = (
				675B2A1D2C1008F400F9F668 /* FeedViewModel.swift */,
			);
			path = ViewModel;
			sourceTree = "<group>";
		};
		675B2A1B2C1008D400F9F668 /* View */ = {
			isa = PBXGroup;
			children = (
				679F25AF2C0E2C0400D6E8BA /* FeedView.swift */,
				679F25B12C0E2DC800D6E8BA /* FeedCell.swift */,
				675B2A212C10B8DA00F9F668 /* NewFeedView.swift */,
			);
			path = View;
			sourceTree = "<group>";
		};
		675B2A1C2C1008D500F9F668 /* Service */ = {
			isa = PBXGroup;
			children = (
			);
			path = Service;
			sourceTree = "<group>";
		};
		679F25812C0E23B400D6E8BA = {
			isa = PBXGroup;
			children = (
				679F258C2C0E23B400D6E8BA /* YapYap */,
				679F258B2C0E23B400D6E8BA /* Products */,
			);
			sourceTree = "<group>";
		};
		679F258B2C0E23B400D6E8BA /* Products */ = {
			isa = PBXGroup;
			children = (
				679F258A2C0E23B400D6E8BA /* YapYap.app */,
			);
			name = Products;
			sourceTree = "<group>";
		};
		679F258C2C0E23B400D6E8BA /* YapYap */ = {
			isa = PBXGroup;
			children = (
				679F25A22C0E245700D6E8BA /* App */,
				679F25A12C0E245600D6E8BA /* Core */,
				679F25A02C0E245400D6E8BA /* Extensions */,
				679F259F2C0E245300D6E8BA /* Model */,
				679F259C2C0E244A00D6E8BA /* Services */,
				679F259B2C0E243B00D6E8BA /* Utils */,
				679F25912C0E23B700D6E8BA /* Assets.xcassets */,
				679F25932C0E23B700D6E8BA /* Preview Content */,
			);
			path = YapYap;
			sourceTree = "<group>";
		};
		679F25932C0E23B700D6E8BA /* Preview Content */ = {
			isa = PBXGroup;
			children = (
				679F25942C0E23B700D6E8BA /* Preview Assets.xcassets */,
			);
			path = "Preview Content";
			sourceTree = "<group>";
		};
		679F259B2C0E243B00D6E8BA /* Utils */ = {
			isa = PBXGroup;
			children = (
			);
			path = Utils;
			sourceTree = "<group>";
		};
		679F259C2C0E244A00D6E8BA /* Services */ = {
			isa = PBXGroup;
			children = (
			);
			path = Services;
			sourceTree = "<group>";
		};
		679F259F2C0E245300D6E8BA /* Model */ = {
			isa = PBXGroup;
			children = (
				675B2A172C1008A700F9F668 /* Post.swift */,
			);
			path = Model;
			sourceTree = "<group>";
		};
		679F25A02C0E245400D6E8BA /* Extensions */ = {
			isa = PBXGroup;
			children = (
			);
			path = Extensions;
			sourceTree = "<group>";
		};
		679F25A12C0E245600D6E8BA /* Core */ = {
			isa = PBXGroup;
			children = (
				6716B3CD2C16FA590041EAD7 /* Upload */,
				679F25AC2C0E24B800D6E8BA /* Authentication */,
				679F25AB2C0E24B600D6E8BA /* Comments */,
				679F25AA2C0E24B500D6E8BA /* Components */,
				679F25A92C0E24B400D6E8BA /* Feed */,
				679F25A82C0E24B200D6E8BA /* Notifications */,
				679F25A72C0E24B000D6E8BA /* Profile */,
				679F25A62C0E24AF00D6E8BA /* Root */,
				679F25A52C0E24AD00D6E8BA /* Map */,
				679F25A42C0E24AC00D6E8BA /* TabBar */,
				679F25A32C0E249800D6E8BA /* UploadingMedia */,
			);
			path = Core;
			sourceTree = "<group>";
		};
		679F25A22C0E245700D6E8BA /* App */ = {
			isa = PBXGroup;
			children = (
				679F258D2C0E23B400D6E8BA /* YapYapApp.swift */,
			);
			path = App;
			sourceTree = "<group>";
		};
		679F25A32C0E249800D6E8BA /* UploadingMedia */ = {
			isa = PBXGroup;
			children = (
			);
			path = UploadingMedia;
			sourceTree = "<group>";
		};
		679F25A42C0E24AC00D6E8BA /* TabBar */ = {
			isa = PBXGroup;
			children = (
				679F25AD2C0E25D500D6E8BA /* MainTabView.swift */,
			);
			path = TabBar;
			sourceTree = "<group>";
		};
		679F25A52C0E24AD00D6E8BA /* Map */ = {
			isa = PBXGroup;
			children = (
				675B2A052C0F6B0300F9F668 /* MapView.swift */,
				675B2A072C0F6B1000F9F668 /* UserCell.swift */,
				67B2873B2C120D22000E1E08 /* DistanceBar.swift */,
			);
			path = Map;
			sourceTree = "<group>";
		};
		679F25A62C0E24AF00D6E8BA /* Root */ = {
			isa = PBXGroup;
			children = (
				679F258F2C0E23B400D6E8BA /* ContentView.swift */,
			);
			path = Root;
			sourceTree = "<group>";
		};
		679F25A72C0E24B000D6E8BA /* Profile */ = {
			isa = PBXGroup;
			children = (
				675B2A132C1004AE00F9F668 /* Components */,
				675B2A142C1004B800F9F668 /* View */,
				675B2A0D2C1000FA00F9F668 /* CurrentUserProfileView.swift */,
				67CF26722C37B3B700615C3A /* EditProfileView.swift */,
				67CF26782C37B79F00615C3A /* SettingView.swift */,
			);
			path = Profile;
			sourceTree = "<group>";
		};
		679F25A82C0E24B200D6E8BA /* Notifications */ = {
			isa = PBXGroup;
			children = (
				675B2A092C0F6DA300F9F668 /* NotificationView.swift */,
				675B2A0B2C0F6DAF00F9F668 /* NotificationCell.swift */,
			);
			path = Notifications;
			sourceTree = "<group>";
		};
		679F25A92C0E24B400D6E8BA /* Feed */ = {
			isa = PBXGroup;
			children = (
				675B2A1C2C1008D500F9F668 /* Service */,
				675B2A1B2C1008D400F9F668 /* View */,
				675B2A192C1008CD00F9F668 /* ViewModel */,
			);
			path = Feed;
			sourceTree = "<group>";
		};
		679F25AA2C0E24B500D6E8BA /* Components */ = {
			isa = PBXGroup;
			children = (
				675B2A1F2C100C8C00F9F668 /* CustomVideoPlayer.swift */,
			);
			path = Components;
			sourceTree = "<group>";
		};
		679F25AB2C0E24B600D6E8BA /* Comments */ = {
			isa = PBXGroup;
			children = (
				6711A5EA2C16114900E7C171 /* CommentView.swift */,
			);
			path = Comments;
			sourceTree = "<group>";
		};
		679F25AC2C0E24B800D6E8BA /* Authentication */ = {
			isa = PBXGroup;
			children = (
				67CF266E2C37AF2B00615C3A /* LoginView.swift */,
				67CF26742C37B54B00615C3A /* SignUpView.swift */,
				67CF26762C37B57C00615C3A /* ForgotPasswordView.swift */,
			);
			path = Authentication;
			sourceTree = "<group>";
		};
/* End PBXGroup section */

/* Begin PBXNativeTarget section */
		679F25892C0E23B400D6E8BA /* YapYap */ = {
			isa = PBXNativeTarget;
			buildConfigurationList = 679F25982C0E23B700D6E8BA /* Build configuration list for PBXNativeTarget "YapYap" */;
			buildPhases = (
				679F25862C0E23B400D6E8BA /* Sources */,
				679F25872C0E23B400D6E8BA /* Frameworks */,
				679F25882C0E23B400D6E8BA /* Resources */,
			);
			buildRules = (
			);
			dependencies = (
			);
			name = YapYap;
			productName = YapYap;
			productReference = 679F258A2C0E23B400D6E8BA /* YapYap.app */;
			productType = "com.apple.product-type.application";
		};
/* End PBXNativeTarget section */

/* Begin PBXProject section */
		679F25822C0E23B400D6E8BA /* Project object */ = {
			isa = PBXProject;
			attributes = {
				BuildIndependentTargetsInParallel = 1;
				LastSwiftUpdateCheck = 1540;
				LastUpgradeCheck = 1540;
				TargetAttributes = {
					679F25892C0E23B400D6E8BA = {
						CreatedOnToolsVersion = 15.4;
					};
				};
			};
			buildConfigurationList = 679F25852C0E23B400D6E8BA /* Build configuration list for PBXProject "YapYap" */;
			compatibilityVersion = "Xcode 14.0";
			developmentRegion = en;
			hasScannedForEncodings = 0;
			knownRegions = (
				en,
				Base,
			);
			mainGroup = 679F25812C0E23B400D6E8BA;
			productRefGroup = 679F258B2C0E23B400D6E8BA /* Products */;
			projectDirPath = "";
			projectRoot = "";
			targets = (
				679F25892C0E23B400D6E8BA /* YapYap */,
			);
		};
/* End PBXProject section */

/* Begin PBXResourcesBuildPhase section */
		679F25882C0E23B400D6E8BA /* Resources */ = {
			isa = PBXResourcesBuildPhase;
			buildActionMask = 2147483647;
			files = (
				679F25952C0E23B700D6E8BA /* Preview Assets.xcassets in Resources */,
				679F25922C0E23B700D6E8BA /* Assets.xcassets in Resources */,
			);
			runOnlyForDeploymentPostprocessing = 0;
		};
/* End PBXResourcesBuildPhase section */

/* Begin PBXSourcesBuildPhase section */
		679F25862C0E23B400D6E8BA /* Sources */ = {
			isa = PBXSourcesBuildPhase;
			buildActionMask = 2147483647;
			files = (
				679F25B02C0E2C0400D6E8BA /* FeedView.swift in Sources */,
				6716B3CF2C16FA710041EAD7 /* UploadPostView.swift in Sources */,
				67CF26732C37B3B700615C3A /* EditProfileView.swift in Sources */,
				6711A5EB2C16114900E7C171 /* CommentView.swift in Sources */,
				675B2A202C100C8C00F9F668 /* CustomVideoPlayer.swift in Sources */,
				67CF26752C37B54B00615C3A /* SignUpView.swift in Sources */,
				67CF26792C37B79F00615C3A /* SettingView.swift in Sources */,
				675B2A0C2C0F6DAF00F9F668 /* NotificationCell.swift in Sources */,
				675B2A222C10B8DA00F9F668 /* NewFeedView.swift in Sources */,
				67B2873C2C120D22000E1E08 /* DistanceBar.swift in Sources */,
				675B2A102C10018200F9F668 /* ProfileHeaderView.swift in Sources */,
				67CF26772C37B57C00615C3A /* ForgotPasswordView.swift in Sources */,
				675B2A162C1004DF00F9F668 /* UserStatView.swift in Sources */,
				679F25B22C0E2DC800D6E8BA /* FeedCell.swift in Sources */,
				675B2A1E2C1008F400F9F668 /* FeedViewModel.swift in Sources */,
				675B2A182C1008A700F9F668 /* Post.swift in Sources */,
				679F25902C0E23B400D6E8BA /* ContentView.swift in Sources */,
				675B2A0A2C0F6DA300F9F668 /* NotificationView.swift in Sources */,
				679F258E2C0E23B400D6E8BA /* YapYapApp.swift in Sources */,
				67CF266F2C37AF2B00615C3A /* LoginView.swift in Sources */,
				675B2A062C0F6B0300F9F668 /* MapView.swift in Sources */,
				675B2A122C10019600F9F668 /* PostGridView.swift in Sources */,
				675B2A0E2C1000FA00F9F668 /* CurrentUserProfileView.swift in Sources */,
				679F25AE2C0E25D500D6E8BA /* MainTabView.swift in Sources */,
				675B2A082C0F6B1000F9F668 /* UserCell.swift in Sources */,
			);
			runOnlyForDeploymentPostprocessing = 0;
		};
/* End PBXSourcesBuildPhase section */

/* Begin XCBuildConfiguration section */
		679F25962C0E23B700D6E8BA /* Debug */ = {
			isa = XCBuildConfiguration;
			buildSettings = {
				ALWAYS_SEARCH_USER_PATHS = NO;
				ASSETCATALOG_COMPILER_GENERATE_SWIFT_ASSET_SYMBOL_EXTENSIONS = YES;
				CLANG_ANALYZER_NONNULL = YES;
				CLANG_ANALYZER_NUMBER_OBJECT_CONVERSION = YES_AGGRESSIVE;
				CLANG_CXX_LANGUAGE_STANDARD = "gnu++20";
				CLANG_ENABLE_MODULES = YES;
				CLANG_ENABLE_OBJC_ARC = YES;
				CLANG_ENABLE_OBJC_WEAK = YES;
				CLANG_WARN_BLOCK_CAPTURE_AUTORELEASING = YES;
				CLANG_WARN_BOOL_CONVERSION = YES;
				CLANG_WARN_COMMA = YES;
				CLANG_WARN_CONSTANT_CONVERSION = YES;
				CLANG_WARN_DEPRECATED_OBJC_IMPLEMENTATIONS = YES;
				CLANG_WARN_DIRECT_OBJC_ISA_USAGE = YES_ERROR;
				CLANG_WARN_DOCUMENTATION_COMMENTS = YES;
				CLANG_WARN_EMPTY_BODY = YES;
				CLANG_WARN_ENUM_CONVERSION = YES;
				CLANG_WARN_INFINITE_RECURSION = YES;
				CLANG_WARN_INT_CONVERSION = YES;
				CLANG_WARN_NON_LITERAL_NULL_CONVERSION = YES;
				CLANG_WARN_OBJC_IMPLICIT_RETAIN_SELF = YES;
				CLANG_WARN_OBJC_LITERAL_CONVERSION = YES;
				CLANG_WARN_OBJC_ROOT_CLASS = YES_ERROR;
				CLANG_WARN_QUOTED_INCLUDE_IN_FRAMEWORK_HEADER = YES;
				CLANG_WARN_RANGE_LOOP_ANALYSIS = YES;
				CLANG_WARN_STRICT_PROTOTYPES = YES;
				CLANG_WARN_SUSPICIOUS_MOVE = YES;
				CLANG_WARN_UNGUARDED_AVAILABILITY = YES_AGGRESSIVE;
				CLANG_WARN_UNREACHABLE_CODE = YES;
				CLANG_WARN__DUPLICATE_METHOD_MATCH = YES;
				COPY_PHASE_STRIP = NO;
				DEBUG_INFORMATION_FORMAT = dwarf;
				ENABLE_STRICT_OBJC_MSGSEND = YES;
				ENABLE_TESTABILITY = YES;
				ENABLE_USER_SCRIPT_SANDBOXING = YES;
				GCC_C_LANGUAGE_STANDARD = gnu17;
				GCC_DYNAMIC_NO_PIC = NO;
				GCC_NO_COMMON_BLOCKS = YES;
				GCC_OPTIMIZATION_LEVEL = 0;
				GCC_PREPROCESSOR_DEFINITIONS = (
					"DEBUG=1",
					"$(inherited)",
				);
				GCC_WARN_64_TO_32_BIT_CONVERSION = YES;
				GCC_WARN_ABOUT_RETURN_TYPE = YES_ERROR;
				GCC_WARN_UNDECLARED_SELECTOR = YES;
				GCC_WARN_UNINITIALIZED_AUTOS = YES_AGGRESSIVE;
				GCC_WARN_UNUSED_FUNCTION = YES;
				GCC_WARN_UNUSED_VARIABLE = YES;
				IPHONEOS_DEPLOYMENT_TARGET = 17.5;
				LOCALIZATION_PREFERS_STRING_CATALOGS = YES;
				MTL_ENABLE_DEBUG_INFO = INCLUDE_SOURCE;
				MTL_FAST_MATH = YES;
				ONLY_ACTIVE_ARCH = YES;
				SDKROOT = iphoneos;
				SWIFT_ACTIVE_COMPILATION_CONDITIONS = "DEBUG $(inherited)";
				SWIFT_OPTIMIZATION_LEVEL = "-Onone";
			};
			name = Debug;
		};
		679F25972C0E23B700D6E8BA /* Release */ = {
			isa = XCBuildConfiguration;
			buildSettings = {
				ALWAYS_SEARCH_USER_PATHS = NO;
				ASSETCATALOG_COMPILER_GENERATE_SWIFT_ASSET_SYMBOL_EXTENSIONS = YES;
				CLANG_ANALYZER_NONNULL = YES;
				CLANG_ANALYZER_NUMBER_OBJECT_CONVERSION = YES_AGGRESSIVE;
				CLANG_CXX_LANGUAGE_STANDARD = "gnu++20";
				CLANG_ENABLE_MODULES = YES;
				CLANG_ENABLE_OBJC_ARC = YES;
				CLANG_ENABLE_OBJC_WEAK = YES;
				CLANG_WARN_BLOCK_CAPTURE_AUTORELEASING = YES;
				CLANG_WARN_BOOL_CONVERSION = YES;
				CLANG_WARN_COMMA = YES;
				CLANG_WARN_CONSTANT_CONVERSION = YES;
				CLANG_WARN_DEPRECATED_OBJC_IMPLEMENTATIONS = YES;
				CLANG_WARN_DIRECT_OBJC_ISA_USAGE = YES_ERROR;
				CLANG_WARN_DOCUMENTATION_COMMENTS = YES;
				CLANG_WARN_EMPTY_BODY = YES;
				CLANG_WARN_ENUM_CONVERSION = YES;
				CLANG_WARN_INFINITE_RECURSION = YES;
				CLANG_WARN_INT_CONVERSION = YES;
				CLANG_WARN_NON_LITERAL_NULL_CONVERSION = YES;
				CLANG_WARN_OBJC_IMPLICIT_RETAIN_SELF = YES;
				CLANG_WARN_OBJC_LITERAL_CONVERSION = YES;
				CLANG_WARN_OBJC_ROOT_CLASS = YES_ERROR;
				CLANG_WARN_QUOTED_INCLUDE_IN_FRAMEWORK_HEADER = YES;
				CLANG_WARN_RANGE_LOOP_ANALYSIS = YES;
				CLANG_WARN_STRICT_PROTOTYPES = YES;
				CLANG_WARN_SUSPICIOUS_MOVE = YES;
				CLANG_WARN_UNGUARDED_AVAILABILITY = YES_AGGRESSIVE;
				CLANG_WARN_UNREACHABLE_CODE = YES;
				CLANG_WARN__DUPLICATE_METHOD_MATCH = YES;
				COPY_PHASE_STRIP = NO;
				DEBUG_INFORMATION_FORMAT = "dwarf-with-dsym";
				ENABLE_NS_ASSERTIONS = NO;
				ENABLE_STRICT_OBJC_MSGSEND = YES;
				ENABLE_USER_SCRIPT_SANDBOXING = YES;
				GCC_C_LANGUAGE_STANDARD = gnu17;
				GCC_NO_COMMON_BLOCKS = YES;
				GCC_WARN_64_TO_32_BIT_CONVERSION = YES;
				GCC_WARN_ABOUT_RETURN_TYPE = YES_ERROR;
				GCC_WARN_UNDECLARED_SELECTOR = YES;
				GCC_WARN_UNINITIALIZED_AUTOS = YES_AGGRESSIVE;
				GCC_WARN_UNUSED_FUNCTION = YES;
				GCC_WARN_UNUSED_VARIABLE = YES;
				IPHONEOS_DEPLOYMENT_TARGET = 17.5;
				LOCALIZATION_PREFERS_STRING_CATALOGS = YES;
				MTL_ENABLE_DEBUG_INFO = NO;
				MTL_FAST_MATH = YES;
				SDKROOT = iphoneos;
				SWIFT_COMPILATION_MODE = wholemodule;
				VALIDATE_PRODUCT = YES;
			};
			name = Release;
		};
		679F25992C0E23B700D6E8BA /* Debug */ = {
			isa = XCBuildConfiguration;
			buildSettings = {
				ASSETCATALOG_COMPILER_APPICON_NAME = AppIcon;
				ASSETCATALOG_COMPILER_GLOBAL_ACCENT_COLOR_NAME = AccentColor;
				CODE_SIGN_STYLE = Automatic;
				CURRENT_PROJECT_VERSION = 1;
				DEVELOPMENT_ASSET_PATHS = "\"YapYap/Preview Content\"";
				DEVELOPMENT_TEAM = F42Q45J3H9;
				ENABLE_PREVIEWS = YES;
				GENERATE_INFOPLIST_FILE = YES;
				INFOPLIST_KEY_NSLocationWhenInUseUsageDescription = "Show the user location.";
				INFOPLIST_KEY_UIApplicationSceneManifest_Generation = YES;
				INFOPLIST_KEY_UIApplicationSupportsIndirectInputEvents = YES;
				INFOPLIST_KEY_UILaunchScreen_Generation = YES;
				INFOPLIST_KEY_UISupportedInterfaceOrientations_iPad = "UIInterfaceOrientationPortrait UIInterfaceOrientationPortraitUpsideDown UIInterfaceOrientationLandscapeLeft UIInterfaceOrientationLandscapeRight";
				INFOPLIST_KEY_UISupportedInterfaceOrientations_iPhone = "UIInterfaceOrientationPortrait UIInterfaceOrientationLandscapeLeft UIInterfaceOrientationLandscapeRight";
				LD_RUNPATH_SEARCH_PATHS = (
					"$(inherited)",
					"@executable_path/Frameworks",
				);
				MARKETING_VERSION = 1.0;
				PRODUCT_BUNDLE_IDENTIFIER = "Harry-Hou.YapYap";
				PRODUCT_NAME = "$(TARGET_NAME)";
				SWIFT_EMIT_LOC_STRINGS = YES;
				SWIFT_VERSION = 5.0;
				TARGETED_DEVICE_FAMILY = "1,2";
			};
			name = Debug;
		};
		679F259A2C0E23B700D6E8BA /* Release */ = {
			isa = XCBuildConfiguration;
			buildSettings = {
				ASSETCATALOG_COMPILER_APPICON_NAME = AppIcon;
				ASSETCATALOG_COMPILER_GLOBAL_ACCENT_COLOR_NAME = AccentColor;
				CODE_SIGN_STYLE = Automatic;
				CURRENT_PROJECT_VERSION = 1;
				DEVELOPMENT_ASSET_PATHS = "\"YapYap/Preview Content\"";
				DEVELOPMENT_TEAM = F42Q45J3H9;
				ENABLE_PREVIEWS = YES;
				GENERATE_INFOPLIST_FILE = YES;
				INFOPLIST_KEY_NSLocationWhenInUseUsageDescription = "Show the user location.";
				INFOPLIST_KEY_UIApplicationSceneManifest_Generation = YES;
				INFOPLIST_KEY_UIApplicationSupportsIndirectInputEvents = YES;
				INFOPLIST_KEY_UILaunchScreen_Generation = YES;
				INFOPLIST_KEY_UISupportedInterfaceOrientations_iPad = "UIInterfaceOrientationPortrait UIInterfaceOrientationPortraitUpsideDown UIInterfaceOrientationLandscapeLeft UIInterfaceOrientationLandscapeRight";
				INFOPLIST_KEY_UISupportedInterfaceOrientations_iPhone = "UIInterfaceOrientationPortrait UIInterfaceOrientationLandscapeLeft UIInterfaceOrientationLandscapeRight";
				LD_RUNPATH_SEARCH_PATHS = (
					"$(inherited)",
					"@executable_path/Frameworks",
				);
				MARKETING_VERSION = 1.0;
				PRODUCT_BUNDLE_IDENTIFIER = "Harry-Hou.YapYap";
				PRODUCT_NAME = "$(TARGET_NAME)";
				SWIFT_EMIT_LOC_STRINGS = YES;
				SWIFT_VERSION = 5.0;
				TARGETED_DEVICE_FAMILY = "1,2";
			};
			name = Release;
		};
/* End XCBuildConfiguration section */

/* Begin XCConfigurationList section */
		679F25852C0E23B400D6E8BA /* Build configuration list for PBXProject "YapYap" */ = {
			isa = XCConfigurationList;
			buildConfigurations = (
				679F25962C0E23B700D6E8BA /* Debug */,
				679F25972C0E23B700D6E8BA /* Release */,
			);
			defaultConfigurationIsVisible = 0;
			defaultConfigurationName = Release;
		};
		679F25982C0E23B700D6E8BA /* Build configuration list for PBXNativeTarget "YapYap" */ = {
			isa = XCConfigurationList;
			buildConfigurations = (
				679F25992C0E23B700D6E8BA /* Debug */,
				679F259A2C0E23B700D6E8BA /* Release */,
			);
			defaultConfigurationIsVisible = 0;
			defaultConfigurationName = Release;
		};
/* End XCConfigurationList section */
	};
	rootObject = 679F25822C0E23B400D6E8BA /* Project object */;
}
